
Microsoft Visual Studio Solution File, Format Version 12.00
# Visual Studio Version 17
VisualStudioVersion = 17.7.34202.233
MinimumVisualStudioVersion = 10.0.40219.1
Project("{FAE04EC0-301F-11D3-BF4B-00C04F79EFBC}") = "Airbnb", "Airbnb\Airbnb.csproj", "{DBF7CA4F-1331-4990-ACAE-F42FC51FA645}"
EndProject
Global
	GlobalSection(SolutionConfigurationPlatforms) = preSolution
		Debug|Any CPU = Debug|Any CPU
		Release|Any CPU = Release|Any CPU
	EndGlobalSection
	GlobalSection(ProjectConfigurationPlatforms) = postSolution
		{DBF7CA4F-1331-4990-ACAE-F42FC51FA645}.Debug|Any CPU.ActiveCfg = Debug|Any CPU
		{DBF7CA4F-1331-4990-ACAE-F42FC51FA645}.Debug|Any CPU.Build.0 = Debug|Any CPU
		{DBF7CA4F-1331-4990-ACAE-F42FC51FA645}.Release|Any CPU.ActiveCfg = Release|Any CPU
		{DBF7CA4F-1331-4990-ACAE-F42FC51FA645}.Release|Any CPU.Build.0 = Release|Any CPU
	EndGlobalSection
	GlobalSection(SolutionProperties) = preSolution
		HideSolutionNode = FALSE
	EndGlobalSection
	GlobalSection(ExtensibilityGlobals) = postSolution
		SolutionGuid = {3AFE4EE4-9097-44FD-A38C-C03329C145E7}
	EndGlobalSection
EndGlobal
